
Microsoft Visual Studio Solution File, Format Version 12.00
# Visual Studio Version 16
VisualStudioVersion = 25.0.1700.0
MinimumVisualStudioVersion = 10.0.40219.1
Project("{FAE04EC0-301F-11D3-BF4B-00C04F79EFBC}") = "LeetCode-TwoSum", "LeetCode-TwoSum\LeetCode-TwoSum.csproj", "{6973FAF0-737E-47F4-BBBB-3A594DE646BA}"
EndProject
Global
	GlobalSection(SolutionConfigurationPlatforms) = preSolution
		Debug|Any CPU = Debug|Any CPU
		Release|Any CPU = Release|Any CPU
	EndGlobalSection
	GlobalSection(ProjectConfigurationPlatforms) = postSolution
		{6973FAF0-737E-47F4-BBBB-3A594DE646BA}.Debug|Any CPU.ActiveCfg = Debug|Any CPU
		{6973FAF0-737E-47F4-BBBB-3A594DE646BA}.Debug|Any CPU.Build.0 = Debug|Any CPU
		{6973FAF0-737E-47F4-BBBB-3A594DE646BA}.Release|Any CPU.ActiveCfg = Release|Any CPU
		{6973FAF0-737E-47F4-BBBB-3A594DE646BA}.Release|Any CPU.Build.0 = Release|Any CPU
	EndGlobalSection
	GlobalSection(SolutionProperties) = preSolution
		HideSolutionNode = FALSE
	EndGlobalSection
	GlobalSection(ExtensibilityGlobals) = postSolution
		SolutionGuid = {E8ED10FA-3038-4721-9D28-CF5AEA786267}
	EndGlobalSection
EndGlobal
